
Microsoft Visual Studio Solution File, Format Version 12.00
# Visual Studio Version 16
VisualStudioVersion = 16.0.31829.152
MinimumVisualStudioVersion = 10.0.40219.1
Project("{9A19103F-16F7-4668-BE54-9A1E7A4F7556}") = "AbstractFactoryPatternCars", "AbstractFactoryPatternCars.csproj", "{A18F4912-6D47-4F7E-9B63-FA87015C2315}"
EndProject
Global
	GlobalSection(SolutionConfigurationPlatforms) = preSolution
		Debug|Any CPU = Debug|Any CPU
		Release|Any CPU = Release|Any CPU
	EndGlobalSection
	GlobalSection(ProjectConfigurationPlatforms) = postSolution
		{A18F4912-6D47-4F7E-9B63-FA87015C2315}.Debug|Any CPU.ActiveCfg = Debug|Any CPU
		{A18F4912-6D47-4F7E-9B63-FA87015C2315}.Debug|Any CPU.Build.0 = Debug|Any CPU
		{A18F4912-6D47-4F7E-9B63-FA87015C2315}.Release|Any CPU.ActiveCfg = Release|Any CPU
		{A18F4912-6D47-4F7E-9B63-FA87015C2315}.Release|Any CPU.Build.0 = Release|Any CPU
	EndGlobalSection
	GlobalSection(SolutionProperties) = preSolution
		HideSolutionNode = FALSE
	EndGlobalSection
	GlobalSection(ExtensibilityGlobals) = postSolution
		SolutionGuid = {213D01EE-83CD-4009-8E3E-8825C410DF5D}
	EndGlobalSection
EndGlobal
